
Microsoft Visual Studio Solution File, Format Version 12.00
# Visual Studio Version 17
VisualStudioVersion = 17.14.37314.3 d17.14
MinimumVisualStudioVersion = 10.0.40219.1
Project("{FAE04EC0-301F-11D3-BF4B-00C04F79EFBC}") = "MediaTracker", "MediaTracker.csproj", "{4E22B0E3-21AF-EACE-861F-2AF80E0C1C3C}"
EndProject
Global
	GlobalSection(SolutionConfigurationPlatforms) = preSolution
		Debug|Any CPU = Debug|Any CPU
		Release|Any CPU = Release|Any CPU
	EndGlobalSection
	GlobalSection(ProjectConfigurationPlatforms) = postSolution
		{4E22B0E3-21AF-EACE-861F-2AF80E0C1C3C}.Debug|Any CPU.ActiveCfg = Debug|Any CPU
		{4E22B0E3-21AF-EACE-861F-2AF80E0C1C3C}.Debug|Any CPU.Build.0 = Debug|Any CPU
		{4E22B0E3-21AF-EACE-861F-2AF80E0C1C3C}.Release|Any CPU.ActiveCfg = Release|Any CPU
		{4E22B0E3-21AF-EACE-861F-2AF80E0C1C3C}.Release|Any CPU.Build.0 = Release|Any CPU
	EndGlobalSection
	GlobalSection(SolutionProperties) = preSolution
		HideSolutionNode = FALSE
	EndGlobalSection
	GlobalSection(ExtensibilityGlobals) = postSolution
		SolutionGuid = {B399875F-99A4-442E-988D-57B8FEC07D6F}
	EndGlobalSection
EndGlobal
